
Microsoft Visual Studio Solution File, Format Version 11.00
# Visual Studio 2010
Project("{FAE04EC0-301F-11D3-BF4B-00C04F79EFBC}") = "MyJournal", "MyJournal.csproj", "{A587290A-7C91-46E0-BAA9-1EAB53B2AA9B}"
EndProject
Global
	GlobalSection(SolutionConfigurationPlatforms) = preSolution
		Debug|Any CPU = Debug|Any CPU
		Debug|Mixed Platforms = Debug|Mixed Platforms
		Debug|x86 = Debug|x86
		Release|Any CPU = Release|Any CPU
		Release|Mixed Platforms = Release|Mixed Platforms
		Release|x86 = Release|x86
	EndGlobalSection
	GlobalSection(ProjectConfigurationPlatforms) = postSolution
		{A587290A-7C91-46E0-BAA9-1EAB53B2AA9B}.Debug|Any CPU.ActiveCfg = Debug|Any CPU
		{A587290A-7C91-46E0-BAA9-1EAB53B2AA9B}.Debug|Any CPU.Build.0 = Debug|Any CPU
		{A587290A-7C91-46E0-BAA9-1EAB53B2AA9B}.Debug|Mixed Platforms.ActiveCfg = Debug|Any CPU
		{A587290A-7C91-46E0-BAA9-1EAB53B2AA9B}.Debug|Mixed Platforms.Build.0 = Debug|Any CPU
		{A587290A-7C91-46E0-BAA9-1EAB53B2AA9B}.Debug|x86.ActiveCfg = Debug|Any CPU
		{A587290A-7C91-46E0-BAA9-1EAB53B2AA9B}.Release|Any CPU.ActiveCfg = Release|Any CPU
		{A587290A-7C91-46E0-BAA9-1EAB53B2AA9B}.Release|Any CPU.Build.0 = Release|Any CPU
		{A587290A-7C91-46E0-BAA9-1EAB53B2AA9B}.Release|Mixed Platforms.ActiveCfg = Release|Any CPU
		{A587290A-7C91-46E0-BAA9-1EAB53B2AA9B}.Release|Mixed Platforms.Build.0 = Release|Any CPU
		{A587290A-7C91-46E0-BAA9-1EAB53B2AA9B}.Release|x86.ActiveCfg = Release|Any CPU
	EndGlobalSection
	GlobalSection(SolutionProperties) = preSolution
		HideSolutionNode = FALSE
	EndGlobalSection
	GlobalSection(DPCodeReviewSolutionGUID) = preSolution
		DPCodeReviewSolutionGUID = {00000000-0000-0000-0000-000000000000}
	EndGlobalSection
EndGlobal
